
Microsoft Visual Studio Solution File, Format Version 12.00
# Visual Studio 14
VisualStudioVersion = 14.0.25420.1
MinimumVisualStudioVersion = 10.0.40219.1
Project("{2150E333-8FDC-42A3-9474-1A3956D46DE8}") = "src", "src", "{08E7A3D4-7F2C-4D95-B020-175066D92247}"
EndProject
Project("{2150E333-8FDC-42A3-9474-1A3956D46DE8}") = "Solution Items", "Solution Items", "{60784FED-10CB-4680-AB10-976895048290}"
	ProjectSection(SolutionItems) = preProject
		global.json = global.json
	EndProjectSection
EndProject
Project("{8BB2217D-0F2D-49D1-97BC-3654ED321F3B}") = "TrashTalkDashboard", "src\TrashTalkDashboard\TrashTalkDashboard.xproj", "{7299C861-7184-4040-9ECD-CF257CB8B19B}"
EndProject
Global
	GlobalSection(SolutionConfigurationPlatforms) = preSolution
		Debug|Any CPU = Debug|Any CPU
		Release|Any CPU = Release|Any CPU
	EndGlobalSection
	GlobalSection(ProjectConfigurationPlatforms) = postSolution
		{7299C861-7184-4040-9ECD-CF257CB8B19B}.Debug|Any CPU.ActiveCfg = Debug|Any CPU
		{7299C861-7184-4040-9ECD-CF257CB8B19B}.Debug|Any CPU.Build.0 = Debug|Any CPU
		{7299C861-7184-4040-9ECD-CF257CB8B19B}.Release|Any CPU.ActiveCfg = Release|Any CPU
		{7299C861-7184-4040-9ECD-CF257CB8B19B}.Release|Any CPU.Build.0 = Release|Any CPU
	EndGlobalSection
	GlobalSection(SolutionProperties) = preSolution
		HideSolutionNode = FALSE
	EndGlobalSection
	GlobalSection(NestedProjects) = preSolution
		{7299C861-7184-4040-9ECD-CF257CB8B19B} = {08E7A3D4-7F2C-4D95-B020-175066D92247}
	EndGlobalSection
EndGlobal
